
Microsoft Visual Studio Solution File, Format Version 12.00
# Visual Studio Version 17
VisualStudioVersion = 17.8.34322.80
MinimumVisualStudioVersion = 10.0.40219.1
Project("{FAE04EC0-301F-11D3-BF4B-00C04F79EFBC}") = "Proxy for obtaining", "Proxy for obtaining\Proxy for obtaining.csproj", "{8AF428C9-43BD-43DC-BF9A-0E62A055C51B}"
EndProject
Global
	GlobalSection(SolutionConfigurationPlatforms) = preSolution
		Debug|Any CPU = Debug|Any CPU
		Release|Any CPU = Release|Any CPU
	EndGlobalSection
	GlobalSection(ProjectConfigurationPlatforms) = postSolution
		{8AF428C9-43BD-43DC-BF9A-0E62A055C51B}.Debug|Any CPU.ActiveCfg = Debug|Any CPU
		{8AF428C9-43BD-43DC-BF9A-0E62A055C51B}.Debug|Any CPU.Build.0 = Debug|Any CPU
		{8AF428C9-43BD-43DC-BF9A-0E62A055C51B}.Release|Any CPU.ActiveCfg = Release|Any CPU
		{8AF428C9-43BD-43DC-BF9A-0E62A055C51B}.Release|Any CPU.Build.0 = Release|Any CPU
	EndGlobalSection
	GlobalSection(SolutionProperties) = preSolution
		HideSolutionNode = FALSE
	EndGlobalSection
	GlobalSection(ExtensibilityGlobals) = postSolution
		SolutionGuid = {397B723D-83F0-43E8-B885-19C493C805DB}
	EndGlobalSection
EndGlobal
